
Microsoft Visual Studio Solution File, Format Version 12.00
# Visual Studio 15
VisualStudioVersion = 15.0.26730.16
MinimumVisualStudioVersion = 10.0.40219.1
Project("{8BC9CEB8-8B4A-11D0-8D11-00A0C91BC942}") = "防守练习", "防守练习\防守练习.vcxproj", "{CAEFDF64-28C8-4637-AD90-2F4A90120893}"
EndProject
Global
	GlobalSection(SolutionConfigurationPlatforms) = preSolution
		Debug|x64 = Debug|x64
		Debug|x86 = Debug|x86
		Release|x64 = Release|x64
		Release|x86 = Release|x86
	EndGlobalSection
	GlobalSection(ProjectConfigurationPlatforms) = postSolution
		{CAEFDF64-28C8-4637-AD90-2F4A90120893}.Debug|x64.ActiveCfg = Debug|x64
		{CAEFDF64-28C8-4637-AD90-2F4A90120893}.Debug|x64.Build.0 = Debug|x64
		{CAEFDF64-28C8-4637-AD90-2F4A90120893}.Debug|x86.ActiveCfg = Debug|Win32
		{CAEFDF64-28C8-4637-AD90-2F4A90120893}.Debug|x86.Build.0 = Debug|Win32
		{CAEFDF64-28C8-4637-AD90-2F4A90120893}.Release|x64.ActiveCfg = Release|x64
		{CAEFDF64-28C8-4637-AD90-2F4A90120893}.Release|x64.Build.0 = Release|x64
		{CAEFDF64-28C8-4637-AD90-2F4A90120893}.Release|x86.ActiveCfg = Release|Win32
		{CAEFDF64-28C8-4637-AD90-2F4A90120893}.Release|x86.Build.0 = Release|Win32
	EndGlobalSection
	GlobalSection(SolutionProperties) = preSolution
		HideSolutionNode = FALSE
	EndGlobalSection
	GlobalSection(ExtensibilityGlobals) = postSolution
		SolutionGuid = {C2DD4E00-DE35-4887-8FA6-588181D2AA5C}
	EndGlobalSection
EndGlobal
